// !$*UTF8*$!
{
	archiveVersion = 1;
	classes = {
	};
	objectVersion = 46;
	objects = {

/* Begin PBXBuildFile section */
		5C50E0C15CF437AA9A5F2D8F /* flip_flops@2x.png in Resources */ = {isa = PBXBuildFile; fileRef = 5C50E08CD070481394CAA3B5 /* flip_flops@2x.png */; };
		5C50E196610A747067C9AED5 /* beach_chair@2x.png in Resources */ = {isa = PBXBuildFile; fileRef = 5C50E41F1FCB99687E967667 /* beach_chair@2x.png */; };
		5C50E31470AC4568B3AB3527 /* beach_bg.png in Resources */ = {isa = PBXBuildFile; fileRef = 5C50E3D324854CB55A700834 /* beach_bg.png */; };
		5C50E3725B462F4ED683BF46 /* main.m in Sources */ = {isa = PBXBuildFile; fileRef = 5C50E3A2A0558BCFA385E131 /* main.m */; };
		5C50E3A50DDE10A43DB415FD /* Foundation.framework in Frameworks */ = {isa = PBXBuildFile; fileRef = 5C50E6F91BE5430E77323697 /* Foundation.framework */; };
		5C50E4A75EA965F8058E5651 /* UIKit.framework in Frameworks */ = {isa = PBXBuildFile; fileRef = 5C50EA631A7006F9EE665926 /* UIKit.framework */; };
		5C50E4B83D70025E0520721D /* surfboard@2x.png in Resources */ = {isa = PBXBuildFile; fileRef = 5C50E3A69CB1BBC0F546B0B0 /* surfboard@2x.png */; };
		5C50E52AC29FEE239B3D3195 /* cocktail@2x.png in Resources */ = {isa = PBXBuildFile; fileRef = 5C50EA4406E260D61CB14826 /* cocktail@2x.png */; };
		5C50E56EEAA2F86B3ECCFC53 /* flippers@2x.png in Resources */ = {isa = PBXBuildFile; fileRef = 5C50E549A40F2E0F0BC75577 /* flippers@2x.png */; };
		5C50E7DD22A806FDD18B9B28 /* ESAppDelegate.m in Sources */ = {isa = PBXBuildFile; fileRef = 5C50EA4FDB99C0A04393C187 /* ESAppDelegate.m */; };
		5C50E8DA0843E5753A394A78 /* Images.xcassets in Resources */ = {isa = PBXBuildFile; fileRef = 5C50ECFD4B69B4888B56780F /* Images.xcassets */; };
		5C50E9032ECFA7A858B7A6CA /* umbrella@2x.png in Resources */ = {isa = PBXBuildFile; fileRef = 5C50E1D813238E94ED9CCA55 /* umbrella@2x.png */; };
		5C50E9D027B9301093289645 /* CoreGraphics.framework in Frameworks */ = {isa = PBXBuildFile; fileRef = 5C50E861AB62C806831EC832 /* CoreGraphics.framework */; };
		5C50EAB26898A9B50D104EB3 /* goldengate@2x.jpg in Resources */ = {isa = PBXBuildFile; fileRef = 5C50EEE2F4E2C5A6F63B4566 /* goldengate@2x.jpg */; };
		5C50EB8EE309B5C2B82132C7 /* bacon@2x.png in Resources */ = {isa = PBXBuildFile; fileRef = 5C50E6E2CC543456CC0011A5 /* bacon@2x.png */; };
		5C50EFCA4A224E244BB725A6 /* InfoPlist.strings in Resources */ = {isa = PBXBuildFile; fileRef = 5C50E8D24FC729943FB5C7E9 /* InfoPlist.strings */; };
		934784B31933D13800E02A72 /* ESConveyorAdapter.m in Sources */ = {isa = PBXBuildFile; fileRef = 934784A11933D13800E02A72 /* ESConveyorAdapter.m */; };
		934784B41933D13800E02A72 /* ESConveyorBeltAttributes.m in Sources */ = {isa = PBXBuildFile; fileRef = 934784A41933D13800E02A72 /* ESConveyorBeltAttributes.m */; };
		934784B51933D13800E02A72 /* ESConveyorController.m in Sources */ = {isa = PBXBuildFile; fileRef = 934784A61933D13800E02A72 /* ESConveyorController.m */; };
		934784B61933D13800E02A72 /* ESConveyorEffects.m in Sources */ = {isa = PBXBuildFile; fileRef = 934784A81933D13800E02A72 /* ESConveyorEffects.m */; };
		934784B71933D13800E02A72 /* ESConveyorElement.m in Sources */ = {isa = PBXBuildFile; fileRef = 934784AA1933D13800E02A72 /* ESConveyorElement.m */; };
		934784B81933D13800E02A72 /* ESConveyorFlowLayout.m in Sources */ = {isa = PBXBuildFile; fileRef = 934784AC1933D13800E02A72 /* ESConveyorFlowLayout.m */; };
		934784B91933D13800E02A72 /* ESConveyorPageCell.m in Sources */ = {isa = PBXBuildFile; fileRef = 934784AE1933D13800E02A72 /* ESConveyorPageCell.m */; };
		934784BA1933D13800E02A72 /* ESConveyorPageControlElement.m in Sources */ = {isa = PBXBuildFile; fileRef = 934784B01933D13800E02A72 /* ESConveyorPageControlElement.m */; };
		934784BB1933D13800E02A72 /* ESConveyorView.m in Sources */ = {isa = PBXBuildFile; fileRef = 934784B21933D13800E02A72 /* ESConveyorView.m */; };
		D813CF5C19282F3600DC2A9B /* ESConveyorSample1Builder.m in Sources */ = {isa = PBXBuildFile; fileRef = D813CF5719282F3600DC2A9B /* ESConveyorSample1Builder.m */; };
		D813CF5D19282F3600DC2A9B /* ESConveyorSample2Builder.m in Sources */ = {isa = PBXBuildFile; fileRef = D813CF5919282F3600DC2A9B /* ESConveyorSample2Builder.m */; };
		D813CF5E19282F3600DC2A9B /* ESConveyorSampleViewController.m in Sources */ = {isa = PBXBuildFile; fileRef = D813CF5B19282F3600DC2A9B /* ESConveyorSampleViewController.m */; };
/* End PBXBuildFile section */

/* Begin PBXFileReference section */
		5C50E08CD070481394CAA3B5 /* flip_flops@2x.png */ = {isa = PBXFileReference; lastKnownFileType = image.png; path = "flip_flops@2x.png"; sourceTree = "<group>"; };
		5C50E1D813238E94ED9CCA55 /* umbrella@2x.png */ = {isa = PBXFileReference; lastKnownFileType = image.png; path = "umbrella@2x.png"; sourceTree = "<group>"; };
		5C50E3A2A0558BCFA385E131 /* main.m */ = {isa = PBXFileReference; lastKnownFileType = sourcecode.c.objc; path = main.m; sourceTree = "<group>"; };
		5C50E3A69CB1BBC0F546B0B0 /* surfboard@2x.png */ = {isa = PBXFileReference; lastKnownFileType = image.png; path = "surfboard@2x.png"; sourceTree = "<group>"; };
		5C50E3D324854CB55A700834 /* beach_bg.png */ = {isa = PBXFileReference; lastKnownFileType = image.png; path = beach_bg.png; sourceTree = "<group>"; };
		5C50E41F1FCB99687E967667 /* beach_chair@2x.png */ = {isa = PBXFileReference; lastKnownFileType = image.png; path = "beach_chair@2x.png"; sourceTree = "<group>"; };
		5C50E549A40F2E0F0BC75577 /* flippers@2x.png */ = {isa = PBXFileReference; lastKnownFileType = image.png; path = "flippers@2x.png"; sourceTree = "<group>"; };
		5C50E65DADFD98E16DBAA335 /* en */ = {isa = PBXFileReference; lastKnownFileType = text.plist.strings; name = en; path = en.lproj/InfoPlist.strings; sourceTree = "<group>"; };
		5C50E6E2CC543456CC0011A5 /* bacon@2x.png */ = {isa = PBXFileReference; lastKnownFileType = image.png; path = "bacon@2x.png"; sourceTree = "<group>"; };
		5C50E6F91BE5430E77323697 /* Foundation.framework */ = {isa = PBXFileReference; lastKnownFileType = wrapper.framework; name = Foundation.framework; path = System/Library/Frameworks/Foundation.framework; sourceTree = SDKROOT; };
		5C50E723FD6C2C003B350647 /* ESConveyorBeltSample-Prefix.pch */ = {isa = PBXFileReference; lastKnownFileType = sourcecode.c.h; path = "ESConveyorBeltSample-Prefix.pch"; sourceTree = "<group>"; };
		5C50E861AB62C806831EC832 /* CoreGraphics.framework */ = {isa = PBXFileReference; lastKnownFileType = wrapper.framework; name = CoreGraphics.framework; path = System/Library/Frameworks/CoreGraphics.framework; sourceTree = SDKROOT; };
		5C50E8F9077BADEC298B4E11 /* ESAppDelegate.h */ = {isa = PBXFileReference; lastKnownFileType = sourcecode.c.h; path = ESAppDelegate.h; sourceTree = "<group>"; };
		5C50EA4406E260D61CB14826 /* cocktail@2x.png */ = {isa = PBXFileReference; lastKnownFileType = image.png; path = "cocktail@2x.png"; sourceTree = "<group>"; };
		5C50EA4FDB99C0A04393C187 /* ESAppDelegate.m */ = {isa = PBXFileReference; lastKnownFileType = sourcecode.c.objc; path = ESAppDelegate.m; sourceTree = "<group>"; };
		5C50EA631A7006F9EE665926 /* UIKit.framework */ = {isa = PBXFileReference; lastKnownFileType = wrapper.framework; name = UIKit.framework; path = System/Library/Frameworks/UIKit.framework; sourceTree = SDKROOT; };
		5C50ECFD4B69B4888B56780F /* Images.xcassets */ = {isa = PBXFileReference; lastKnownFileType = folder.assetcatalog; path = Images.xcassets; sourceTree = "<group>"; };
		5C50ED813768FE7022AA4E8C /* ESConveyorBeltSample.app */ = {isa = PBXFileReference; explicitFileType = wrapper.application; includeInIndex = 0; path = ESConveyorBeltSample.app; sourceTree = BUILT_PRODUCTS_DIR; };
		5C50EE81817E3B23B30CB063 /* ESConveyorBeltSample-Info.plist */ = {isa = PBXFileReference; lastKnownFileType = text.plist.info; path = "ESConveyorBeltSample-Info.plist"; sourceTree = "<group>"; };
		5C50EEE2F4E2C5A6F63B4566 /* goldengate@2x.jpg */ = {isa = PBXFileReference; lastKnownFileType = image.jpeg; path = "goldengate@2x.jpg"; sourceTree = "<group>"; };
		934784A01933D13800E02A72 /* ESConveyorAdapter.h */ = {isa = PBXFileReference; fileEncoding = 4; lastKnownFileType = sourcecode.c.h; path = ESConveyorAdapter.h; sourceTree = "<group>"; };
		934784A11933D13800E02A72 /* ESConveyorAdapter.m */ = {isa = PBXFileReference; fileEncoding = 4; lastKnownFileType = sourcecode.c.objc; path = ESConveyorAdapter.m; sourceTree = "<group>"; };
		934784A21933D13800E02A72 /* ESConveyorBelt.h */ = {isa = PBXFileReference; fileEncoding = 4; lastKnownFileType = sourcecode.c.h; path = ESConveyorBelt.h; sourceTree = "<group>"; };
		934784A31933D13800E02A72 /* ESConveyorBeltAttributes.h */ = {isa = PBXFileReference; fileEncoding = 4; lastKnownFileType = sourcecode.c.h; path = ESConveyorBeltAttributes.h; sourceTree = "<group>"; };
		934784A41933D13800E02A72 /* ESConveyorBeltAttributes.m */ = {isa = PBXFileReference; fileEncoding = 4; lastKnownFileType = sourcecode.c.objc; path = ESConveyorBeltAttributes.m; sourceTree = "<group>"; };
		934784A51933D13800E02A72 /* ESConveyorController.h */ = {isa = PBXFileReference; fileEncoding = 4; lastKnownFileType = sourcecode.c.h; path = ESConveyorController.h; sourceTree = "<group>"; };
		934784A61933D13800E02A72 /* ESConveyorController.m */ = {isa = PBXFileReference; fileEncoding = 4; lastKnownFileType = sourcecode.c.objc; path = ESConveyorController.m; sourceTree = "<group>"; };
		934784A71933D13800E02A72 /* ESConveyorEffects.h */ = {isa = PBXFileReference; fileEncoding = 4; lastKnownFileType = sourcecode.c.h; path = ESConveyorEffects.h; sourceTree = "<group>"; };
		934784A81933D13800E02A72 /* ESConveyorEffects.m */ = {isa = PBXFileReference; fileEncoding = 4; lastKnownFileType = sourcecode.c.objc; path = ESConveyorEffects.m; sourceTree = "<group>"; };
		934784A91933D13800E02A72 /* ESConveyorElement.h */ = {isa = PBXFileReference; fileEncoding = 4; lastKnownFileType = sourcecode.c.h; path = ESConveyorElement.h; sourceTree = "<group>"; };
		934784AA1933D13800E02A72 /* ESConveyorElement.m */ = {isa = PBXFileReference; fileEncoding = 4; lastKnownFileType = sourcecode.c.objc; path = ESConveyorElement.m; sourceTree = "<group>"; };
		934784AB1933D13800E02A72 /* ESConveyorFlowLayout.h */ = {isa = PBXFileReference; fileEncoding = 4; lastKnownFileType = sourcecode.c.h; path = ESConveyorFlowLayout.h; sourceTree = "<group>"; };
		934784AC1933D13800E02A72 /* ESConveyorFlowLayout.m */ = {isa = PBXFileReference; fileEncoding = 4; lastKnownFileType = sourcecode.c.objc; path = ESConveyorFlowLayout.m; sourceTree = "<group>"; };
		934784AD1933D13800E02A72 /* ESConveyorPageCell.h */ = {isa = PBXFileReference; fileEncoding = 4; lastKnownFileType = sourcecode.c.h; path = ESConveyorPageCell.h; sourceTree = "<group>"; };
		934784AE1933D13800E02A72 /* ESConveyorPageCell.m */ = {isa = PBXFileReference; fileEncoding = 4; lastKnownFileType = sourcecode.c.objc; path = ESConveyorPageCell.m; sourceTree = "<group>"; };
		934784AF1933D13800E02A72 /* ESConveyorPageControlElement.h */ = {isa = PBXFileReference; fileEncoding = 4; lastKnownFileType = sourcecode.c.h; path = ESConveyorPageControlElement.h; sourceTree = "<group>"; };
		934784B01933D13800E02A72 /* ESConveyorPageControlElement.m */ = {isa = PBXFileReference; fileEncoding = 4; lastKnownFileType = sourcecode.c.objc; path = ESConveyorPageControlElement.m; sourceTree = "<group>"; };
		934784B11933D13800E02A72 /* ESConveyorView.h */ = {isa = PBXFileReference; fileEncoding = 4; lastKnownFileType = sourcecode.c.h; path = ESConveyorView.h; sourceTree = "<group>"; };
		934784B21933D13800E02A72 /* ESConveyorView.m */ = {isa = PBXFileReference; fileEncoding = 4; lastKnownFileType = sourcecode.c.objc; path = ESConveyorView.m; sourceTree = "<group>"; };
		D813CF5619282F3600DC2A9B /* ESConveyorSample1Builder.h */ = {isa = PBXFileReference; fileEncoding = 4; lastKnownFileType = sourcecode.c.h; path = ESConveyorSample1Builder.h; sourceTree = "<group>"; };
		D813CF5719282F3600DC2A9B /* ESConveyorSample1Builder.m */ = {isa = PBXFileReference; fileEncoding = 4; lastKnownFileType = sourcecode.c.objc; path = ESConveyorSample1Builder.m; sourceTree = "<group>"; };
		D813CF5819282F3600DC2A9B /* ESConveyorSample2Builder.h */ = {isa = PBXFileReference; fileEncoding = 4; lastKnownFileType = sourcecode.c.h; path = ESConveyorSample2Builder.h; sourceTree = "<group>"; };
		D813CF5919282F3600DC2A9B /* ESConveyorSample2Builder.m */ = {isa = PBXFileReference; fileEncoding = 4; lastKnownFileType = sourcecode.c.objc; path = ESConveyorSample2Builder.m; sourceTree = "<group>"; };
		D813CF5A19282F3600DC2A9B /* ESConveyorSampleViewController.h */ = {isa = PBXFileReference; fileEncoding = 4; lastKnownFileType = sourcecode.c.h; path = ESConveyorSampleViewController.h; sourceTree = "<group>"; };
		D813CF5B19282F3600DC2A9B /* ESConveyorSampleViewController.m */ = {isa = PBXFileReference; fileEncoding = 4; lastKnownFileType = sourcecode.c.objc; path = ESConveyorSampleViewController.m; sourceTree = "<group>"; };
/* End PBXFileReference section */

/* Begin PBXFrameworksBuildPhase section */
		5C50E5B4654B7BA0CAA6F82C /* Frameworks */ = {
			isa = PBXFrameworksBuildPhase;
			buildActionMask = 2147483647;
			files = (
				5C50E3A50DDE10A43DB415FD /* Foundation.framework in Frameworks */,
				5C50E9D027B9301093289645 /* CoreGraphics.framework in Frameworks */,
				5C50E4A75EA965F8058E5651 /* UIKit.framework in Frameworks */,
			);
			runOnlyForDeploymentPostprocessing = 0;
		};
/* End PBXFrameworksBuildPhase section */

/* Begin PBXGroup section */
		5C50E402CC7456173CFF79FE /* Supporting Files */ = {
			isa = PBXGroup;
			children = (
				5C50EE81817E3B23B30CB063 /* ESConveyorBeltSample-Info.plist */,
				5C50E8D24FC729943FB5C7E9 /* InfoPlist.strings */,
				5C50E3A2A0558BCFA385E131 /* main.m */,
				5C50E723FD6C2C003B350647 /* ESConveyorBeltSample-Prefix.pch */,
			);
			name = "Supporting Files";
			sourceTree = "<group>";
		};
		5C50E7C84928FAA5E4533359 /* Products */ = {
			isa = PBXGroup;
			children = (
				5C50ED813768FE7022AA4E8C /* ESConveyorBeltSample.app */,
			);
			name = Products;
			sourceTree = "<group>";
		};
		5C50EA49F65000E390192ADC /* Frameworks */ = {
			isa = PBXGroup;
			children = (
				5C50E6F91BE5430E77323697 /* Foundation.framework */,
				5C50E861AB62C806831EC832 /* CoreGraphics.framework */,
				5C50EA631A7006F9EE665926 /* UIKit.framework */,
			);
			name = Frameworks;
			sourceTree = "<group>";
		};
		5C50EB15AB9524975ED7CA15 /* Classes */ = {
			isa = PBXGroup;
			children = (
				934784A01933D13800E02A72 /* ESConveyorAdapter.h */,
				934784A11933D13800E02A72 /* ESConveyorAdapter.m */,
				934784A21933D13800E02A72 /* ESConveyorBelt.h */,
				934784A31933D13800E02A72 /* ESConveyorBeltAttributes.h */,
				934784A41933D13800E02A72 /* ESConveyorBeltAttributes.m */,
				934784A51933D13800E02A72 /* ESConveyorController.h */,
				934784A61933D13800E02A72 /* ESConveyorController.m */,
				934784A71933D13800E02A72 /* ESConveyorEffects.h */,
				934784A81933D13800E02A72 /* ESConveyorEffects.m */,
				934784A91933D13800E02A72 /* ESConveyorElement.h */,
				934784AA1933D13800E02A72 /* ESConveyorElement.m */,
				934784AB1933D13800E02A72 /* ESConveyorFlowLayout.h */,
				934784AC1933D13800E02A72 /* ESConveyorFlowLayout.m */,
				934784AD1933D13800E02A72 /* ESConveyorPageCell.h */,
				934784AE1933D13800E02A72 /* ESConveyorPageCell.m */,
				934784AF1933D13800E02A72 /* ESConveyorPageControlElement.h */,
				934784B01933D13800E02A72 /* ESConveyorPageControlElement.m */,
				934784B11933D13800E02A72 /* ESConveyorView.h */,
				934784B21933D13800E02A72 /* ESConveyorView.m */,
			);
			name = Classes;
			path = ../Classes;
			sourceTree = "<group>";
		};
		5C50EB56D777807589C813EB /* ESConveyorBeltSample */ = {
			isa = PBXGroup;
			children = (
				D813CF5619282F3600DC2A9B /* ESConveyorSample1Builder.h */,
				D813CF5719282F3600DC2A9B /* ESConveyorSample1Builder.m */,
				D813CF5819282F3600DC2A9B /* ESConveyorSample2Builder.h */,
				D813CF5919282F3600DC2A9B /* ESConveyorSample2Builder.m */,
				D813CF5A19282F3600DC2A9B /* ESConveyorSampleViewController.h */,
				D813CF5B19282F3600DC2A9B /* ESConveyorSampleViewController.m */,
				5C50E402CC7456173CFF79FE /* Supporting Files */,
				5C50E8F9077BADEC298B4E11 /* ESAppDelegate.h */,
				5C50EA4FDB99C0A04393C187 /* ESAppDelegate.m */,
				5C50ECFD4B69B4888B56780F /* Images.xcassets */,
				5C50EEBB69776D991F90C88C /* Resources */,
			);
			path = ESConveyorBeltSample;
			sourceTree = "<group>";
		};
		5C50EE3122B2B4DAE93FAABE = {
			isa = PBXGroup;
			children = (
				5C50E7C84928FAA5E4533359 /* Products */,
				5C50EA49F65000E390192ADC /* Frameworks */,
				5C50EB56D777807589C813EB /* ESConveyorBeltSample */,
				5C50EB15AB9524975ED7CA15 /* Classes */,
			);
			sourceTree = "<group>";
		};
		5C50EEBB69776D991F90C88C /* Resources */ = {
			isa = PBXGroup;
			children = (
				5C50E6E2CC543456CC0011A5 /* bacon@2x.png */,
				5C50EA4406E260D61CB14826 /* cocktail@2x.png */,
				5C50E549A40F2E0F0BC75577 /* flippers@2x.png */,
				5C50E1D813238E94ED9CCA55 /* umbrella@2x.png */,
				5C50E3A69CB1BBC0F546B0B0 /* surfboard@2x.png */,
				5C50E08CD070481394CAA3B5 /* flip_flops@2x.png */,
				5C50EEE2F4E2C5A6F63B4566 /* goldengate@2x.jpg */,
				5C50E41F1FCB99687E967667 /* beach_chair@2x.png */,
				5C50E3D324854CB55A700834 /* beach_bg.png */,
			);
			path = Resources;
			sourceTree = "<group>";
		};
/* End PBXGroup section */

/* Begin PBXNativeTarget section */
		5C50E016236A45F011DB7DCB /* ESConveyorBeltSample */ = {
			isa = PBXNativeTarget;
			buildConfigurationList = 5C50ECDA781FD695130D2F0C /* Build configuration list for PBXNativeTarget "ESConveyorBeltSample" */;
			buildPhases = (
				5C50ECBF62C13A5CF4F87F41 /* Sources */,
				5C50E5B4654B7BA0CAA6F82C /* Frameworks */,
				5C50E36F563C8ADE0F17ECE7 /* Resources */,
			);
			buildRules = (
			);
			dependencies = (
			);
			name = ESConveyorBeltSample;
			productName = ESConveyorBeltSample;
			productReference = 5C50ED813768FE7022AA4E8C /* ESConveyorBeltSample.app */;
			productType = "com.apple.product-type.application";
		};
/* End PBXNativeTarget section */

/* Begin PBXProject section */
		5C50E605EDDEB34024C013C2 /* Project object */ = {
			isa = PBXProject;
			attributes = {
				ORGANIZATIONNAME = "ESCOZ inc";
			};
			buildConfigurationList = 5C50E8538C6442CA82FA7929 /* Build configuration list for PBXProject "ESConveyorBeltSample" */;
			compatibilityVersion = "Xcode 3.2";
			developmentRegion = English;
			hasScannedForEncodings = 0;
			knownRegions = (
				en,
			);
			mainGroup = 5C50EE3122B2B4DAE93FAABE;
			productRefGroup = 5C50E7C84928FAA5E4533359 /* Products */;
			projectDirPath = "";
			projectRoot = "";
			targets = (
				5C50E016236A45F011DB7DCB /* ESConveyorBeltSample */,
			);
		};
/* End PBXProject section */

/* Begin PBXResourcesBuildPhase section */
		5C50E36F563C8ADE0F17ECE7 /* Resources */ = {
			isa = PBXResourcesBuildPhase;
			buildActionMask = 2147483647;
			files = (
				5C50EFCA4A224E244BB725A6 /* InfoPlist.strings in Resources */,
				5C50E8DA0843E5753A394A78 /* Images.xcassets in Resources */,
				5C50EB8EE309B5C2B82132C7 /* bacon@2x.png in Resources */,
				5C50E52AC29FEE239B3D3195 /* cocktail@2x.png in Resources */,
				5C50E56EEAA2F86B3ECCFC53 /* flippers@2x.png in Resources */,
				5C50E9032ECFA7A858B7A6CA /* umbrella@2x.png in Resources */,
				5C50E4B83D70025E0520721D /* surfboard@2x.png in Resources */,
				5C50E0C15CF437AA9A5F2D8F /* flip_flops@2x.png in Resources */,
				5C50EAB26898A9B50D104EB3 /* goldengate@2x.jpg in Resources */,
				5C50E196610A747067C9AED5 /* beach_chair@2x.png in Resources */,
				5C50E31470AC4568B3AB3527 /* beach_bg.png in Resources */,
			);
			runOnlyForDeploymentPostprocessing = 0;
		};
/* End PBXResourcesBuildPhase section */

/* Begin PBXSourcesBuildPhase section */
		5C50ECBF62C13A5CF4F87F41 /* Sources */ = {
			isa = PBXSourcesBuildPhase;
			buildActionMask = 2147483647;
			files = (
				5C50E3725B462F4ED683BF46 /* main.m in Sources */,
				D813CF5D19282F3600DC2A9B /* ESConveyorSample2Builder.m in Sources */,
				934784B51933D13800E02A72 /* ESConveyorController.m in Sources */,
				934784B71933D13800E02A72 /* ESConveyorElement.m in Sources */,
				934784B41933D13800E02A72 /* ESConveyorBeltAttributes.m in Sources */,
				934784BA1933D13800E02A72 /* ESConveyorPageControlElement.m in Sources */,
				934784B61933D13800E02A72 /* ESConveyorEffects.m in Sources */,
				D813CF5E19282F3600DC2A9B /* ESConveyorSampleViewController.m in Sources */,
				934784B81933D13800E02A72 /* ESConveyorFlowLayout.m in Sources */,
				5C50E7DD22A806FDD18B9B28 /* ESAppDelegate.m in Sources */,
				934784B91933D13800E02A72 /* ESConveyorPageCell.m in Sources */,
				934784B31933D13800E02A72 /* ESConveyorAdapter.m in Sources */,
				D813CF5C19282F3600DC2A9B /* ESConveyorSample1Builder.m in Sources */,
				934784BB1933D13800E02A72 /* ESConveyorView.m in Sources */,
			);
			runOnlyForDeploymentPostprocessing = 0;
		};
/* End PBXSourcesBuildPhase section */

/* Begin PBXVariantGroup section */
		5C50E8D24FC729943FB5C7E9 /* InfoPlist.strings */ = {
			isa = PBXVariantGroup;
			children = (
				5C50E65DADFD98E16DBAA335 /* en */,
			);
			name = InfoPlist.strings;
			sourceTree = "<group>";
		};
/* End PBXVariantGroup section */

/* Begin XCBuildConfiguration section */
		5C50E010171715B8EEBBB5FB /* Release */ = {
			isa = XCBuildConfiguration;
			buildSettings = {
				ALWAYS_SEARCH_USER_PATHS = NO;
				CLANG_CXX_LANGUAGE_STANDARD = "gnu++0x";
				CLANG_CXX_LIBRARY = "libc++";
				CLANG_ENABLE_MODULES = YES;
				CLANG_ENABLE_OBJC_ARC = YES;
				CLANG_WARN_BOOL_CONVERSION = YES;
				CLANG_WARN_CONSTANT_CONVERSION = YES;
				CLANG_WARN_DIRECT_OBJC_ISA_USAGE = YES_ERROR;
				CLANG_WARN_EMPTY_BODY = YES;
				CLANG_WARN_ENUM_CONVERSION = YES;
				CLANG_WARN_INT_CONVERSION = YES;
				CLANG_WARN_OBJC_ROOT_CLASS = YES_ERROR;
				CLANG_WARN__DUPLICATE_METHOD_MATCH = YES;
				"CODE_SIGN_IDENTITY[sdk=iphoneos*]" = "iPhone Developer";
				COPY_PHASE_STRIP = YES;
				ENABLE_NS_ASSERTIONS = NO;
				GCC_C_LANGUAGE_STANDARD = gnu99;
				GCC_WARN_64_TO_32_BIT_CONVERSION = YES;
				GCC_WARN_ABOUT_RETURN_TYPE = YES_ERROR;
				GCC_WARN_UNDECLARED_SELECTOR = YES;
				GCC_WARN_UNINITIALIZED_AUTOS = YES_AGGRESSIVE;
				GCC_WARN_UNUSED_FUNCTION = YES;
				GCC_WARN_UNUSED_VARIABLE = YES;
				IPHONEOS_DEPLOYMENT_TARGET = 7.1;
				SDKROOT = iphoneos;
				TARGETED_DEVICE_FAMILY = "1,2";
				VALIDATE_PRODUCT = YES;
			};
			name = Release;
		};
		5C50E0702759D8B3022B033E /* Debug */ = {
			isa = XCBuildConfiguration;
			buildSettings = {
				ALWAYS_SEARCH_USER_PATHS = NO;
				CLANG_CXX_LANGUAGE_STANDARD = "gnu++0x";
				CLANG_CXX_LIBRARY = "libc++";
				CLANG_ENABLE_MODULES = YES;
				CLANG_ENABLE_OBJC_ARC = YES;
				CLANG_WARN_BOOL_CONVERSION = YES;
				CLANG_WARN_CONSTANT_CONVERSION = YES;
				CLANG_WARN_DIRECT_OBJC_ISA_USAGE = YES_ERROR;
				CLANG_WARN_EMPTY_BODY = YES;
				CLANG_WARN_ENUM_CONVERSION = YES;
				CLANG_WARN_INT_CONVERSION = YES;
				CLANG_WARN_OBJC_ROOT_CLASS = YES_ERROR;
				CLANG_WARN__DUPLICATE_METHOD_MATCH = YES;
				"CODE_SIGN_IDENTITY[sdk=iphoneos*]" = "iPhone Developer";
				COPY_PHASE_STRIP = NO;
				GCC_C_LANGUAGE_STANDARD = gnu99;
				GCC_DYNAMIC_NO_PIC = NO;
				GCC_OPTIMIZATION_LEVEL = 0;
				GCC_PREPROCESSOR_DEFINITIONS = (
					"DEBUG=1",
					"$(inherited)",
				);
				GCC_SYMBOLS_PRIVATE_EXTERN = NO;
				GCC_WARN_64_TO_32_BIT_CONVERSION = YES;
				GCC_WARN_ABOUT_RETURN_TYPE = YES_ERROR;
				GCC_WARN_UNDECLARED_SELECTOR = YES;
				GCC_WARN_UNINITIALIZED_AUTOS = YES_AGGRESSIVE;
				GCC_WARN_UNUSED_FUNCTION = YES;
				GCC_WARN_UNUSED_VARIABLE = YES;
				IPHONEOS_DEPLOYMENT_TARGET = 7.1;
				ONLY_ACTIVE_ARCH = YES;
				SDKROOT = iphoneos;
				TARGETED_DEVICE_FAMILY = "1,2";
			};
			name = Debug;
		};
		5C50E9CB902A2748FDA348B0 /* Debug */ = {
			isa = XCBuildConfiguration;
			buildSettings = {
				ASSETCATALOG_COMPILER_APPICON_NAME = AppIcon;
				ASSETCATALOG_COMPILER_LAUNCHIMAGE_NAME = LaunchImage;
				GCC_PRECOMPILE_PREFIX_HEADER = YES;
				GCC_PREFIX_HEADER = "ESConveyorBeltSample/ESConveyorBeltSample-Prefix.pch";
				INFOPLIST_FILE = "ESConveyorBeltSample/ESConveyorBeltSample-Info.plist";
				PRODUCT_NAME = "$(TARGET_NAME)";
				WRAPPER_EXTENSION = app;
			};
			name = Debug;
		};
		5C50EA5E981AA3483DB25AF2 /* Release */ = {
			isa = XCBuildConfiguration;
			buildSettings = {
				ASSETCATALOG_COMPILER_APPICON_NAME = AppIcon;
				ASSETCATALOG_COMPILER_LAUNCHIMAGE_NAME = LaunchImage;
				GCC_PRECOMPILE_PREFIX_HEADER = YES;
				GCC_PREFIX_HEADER = "ESConveyorBeltSample/ESConveyorBeltSample-Prefix.pch";
				INFOPLIST_FILE = "ESConveyorBeltSample/ESConveyorBeltSample-Info.plist";
				PRODUCT_NAME = "$(TARGET_NAME)";
				WRAPPER_EXTENSION = app;
			};
			name = Release;
		};
/* End XCBuildConfiguration section */

/* Begin XCConfigurationList section */
		5C50E8538C6442CA82FA7929 /* Build configuration list for PBXProject "ESConveyorBeltSample" */ = {
			isa = XCConfigurationList;
			buildConfigurations = (
				5C50E0702759D8B3022B033E /* Debug */,
				5C50E010171715B8EEBBB5FB /* Release */,
			);
			defaultConfigurationIsVisible = 0;
			defaultConfigurationName = Release;
		};
		5C50ECDA781FD695130D2F0C /* Build configuration list for PBXNativeTarget "ESConveyorBeltSample" */ = {
			isa = XCConfigurationList;
			buildConfigurations = (
				5C50E9CB902A2748FDA348B0 /* Debug */,
				5C50EA5E981AA3483DB25AF2 /* Release */,
			);
			defaultConfigurationIsVisible = 0;
			defaultConfigurationName = Release;
		};
/* End XCConfigurationList section */
	};
	rootObject = 5C50E605EDDEB34024C013C2 /* Project object */;
}
